
Microsoft Visual Studio Solution File, Format Version 12.00
# Visual Studio Version 17
VisualStudioVersion = 17.4.33103.184
MinimumVisualStudioVersion = 10.0.40219.1
Project("{FAE04EC0-301F-11D3-BF4B-00C04F79EFBC}") = "Souradnice", "Souradnice\Souradnice.csproj", "{D0572573-E302-4CD3-91D3-7380F412A90E}"
EndProject
Global
	GlobalSection(SolutionConfigurationPlatforms) = preSolution
		Debug|Any CPU = Debug|Any CPU
		Release|Any CPU = Release|Any CPU
	EndGlobalSection
	GlobalSection(ProjectConfigurationPlatforms) = postSolution
		{D0572573-E302-4CD3-91D3-7380F412A90E}.Debug|Any CPU.ActiveCfg = Debug|Any CPU
		{D0572573-E302-4CD3-91D3-7380F412A90E}.Debug|Any CPU.Build.0 = Debug|Any CPU
		{D0572573-E302-4CD3-91D3-7380F412A90E}.Release|Any CPU.ActiveCfg = Release|Any CPU
		{D0572573-E302-4CD3-91D3-7380F412A90E}.Release|Any CPU.Build.0 = Release|Any CPU
	EndGlobalSection
	GlobalSection(SolutionProperties) = preSolution
		HideSolutionNode = FALSE
	EndGlobalSection
	GlobalSection(ExtensibilityGlobals) = postSolution
		SolutionGuid = {19C0509C-96C9-4E8F-8257-4C3E5B7D6C2E}
	EndGlobalSection
EndGlobal
